{
  "name": "typescript",
  "version": "1.0.0",
  "lockfileVersion": 3,
  "requires": true,
  "packages": {
    "": {
      "name": "typescript",
      "version": "1.0.0",
      "license": "ISC",
      "devDependencies": {
        "@swc-node/register": "^1.9.0",
        "typescript": "^5.4.2"
      }
    },
    "node_modules/@swc-node/core": {
      "version": "1.13.0",
      "resolved": "https://registry.npmjs.org/@swc-node/core/-/core-1.13.0.tgz",
      "integrity": "sha512-lFPD4nmy4ifAOVMChFjwlpXN5KQXvegqeyuzz1KQz42q1lf+cL3Qux1/GteGuZjh8HC+Rj1RdNrHpE/MCfJSTw==",
      "dev": true,
      "engines": {
        "node": ">= 10"
      },
      "funding": {
        "type": "github",
        "url": "https://github.com/sponsors/Brooooooklyn"
      },
      "peerDependencies": {
        "@swc/core": ">= 1.3",
        "@swc/types": ">= 0.1"
      }
    },
    "node_modules/@swc-node/register": {
      "version": "1.9.0",
      "resolved": "https://registry.npmjs.org/@swc-node/register/-/register-1.9.0.tgz",
      "integrity": "sha512-i0iYInD4q5v3xQC6bKvs0QtfUxu197CU5qKALmpxEqTYs7sIhQ7KFLe3kP+eAR4gRkJTvAgjQgrokXLN2jZrOw==",
      "dev": true,
      "dependencies": {
        "@swc-node/core": "^1.13.0",
        "@swc-node/sourcemap-support": "^0.5.0",
        "colorette": "^2.0.20",
        "debug": "^4.3.4",
        "pirates": "^4.0.6",
        "tslib": "^2.6.2"
      },
      "funding": {
        "type": "github",
        "url": "https://github.com/sponsors/Brooooooklyn"
      },
      "peerDependencies": {
        "@swc/core": ">= 1.3",
        "typescript": ">= 4.3"
      }
    },
    "node_modules/@swc-node/sourcemap-support": {
      "version": "0.5.0",
      "resolved": "https://registry.npmjs.org/@swc-node/sourcemap-support/-/sourcemap-support-0.5.0.tgz",
      "integrity": "sha512-fbhjL5G0YvFoWwNhWleuBUfotiX+USiA9oJqu9STFw+Hb0Cgnddn+HVS/K5fI45mn92e8V+cHD2jgFjk4w2T9Q==",
      "dev": true,
      "dependencies": {
        "source-map-support": "^0.5.21",
        "tslib": "^2.6.2"
      }
    },
    "node_modules/@swc/core": {
      "version": "1.4.8",
      "resolved": "https://registry.npmjs.org/@swc/core/-/core-1.4.8.tgz",
      "integrity": "sha512-uY2RSJcFPgNOEg12RQZL197LZX+MunGiKxsbxmh22VfVxrOYGRvh4mPANFlrD1yb38CgmW1wI6YgIi8LkIwmWg==",
      "dev": true,
      "hasInstallScript": true,
      "peer": true,
      "dependencies": {
        "@swc/counter": "^0.1.2",
        "@swc/types": "^0.1.5"
      },
      "engines": {
        "node": ">=10"
      },
      "funding": {
        "type": "opencollective",
        "url": "https://opencollective.com/swc"
      },
      "optionalDependencies": {
        "@swc/core-darwin-arm64": "1.4.8",
        "@swc/core-darwin-x64": "1.4.8",
        "@swc/core-linux-arm-gnueabihf": "1.4.8",
        "@swc/core-linux-arm64-gnu": "1.4.8",
        "@swc/core-linux-arm64-musl": "1.4.8",
        "@swc/core-linux-x64-gnu": "1.4.8",
        "@swc/core-linux-x64-musl": "1.4.8",
        "@swc/core-win32-arm64-msvc": "1.4.8",
        "@swc/core-win32-ia32-msvc": "1.4.8",
        "@swc/core-win32-x64-msvc": "1.4.8"
      },
      "peerDependencies": {
        "@swc/helpers": "^0.5.0"
      },
      "peerDependenciesMeta": {
        "@swc/helpers": {
          "optional": true
        }
      }
    },
    "node_modules/@swc/core-darwin-arm64": {
      "version": "1.4.8",
      "resolved": "https://registry.npmjs.org/@swc/core-darwin-arm64/-/core-darwin-arm64-1.4.8.tgz",
      "integrity": "sha512-hhQCffRTgzpTIbngSnC30vV6IJVTI9FFBF954WEsshsecVoCGFiMwazBbrkLG+RwXENTrMhgeREEFh6R3KRgKQ==",
      "cpu": [
        "arm64"
      ],
      "dev": true,
      "optional": true,
      "os": [
        "darwin"
      ],
      "peer": true,
      "engines": {
        "node": ">=10"
      }
    },
    "node_modules/@swc/core-darwin-x64": {
      "version": "1.4.8",
      "resolved": "https://registry.npmjs.org/@swc/core-darwin-x64/-/core-darwin-x64-1.4.8.tgz",
      "integrity": "sha512-P3ZBw8Jr8rKhY/J8d+6WqWriqngGTgHwtFeJ8MIakQJTbdYbFgXSZxcvDiERg3psbGeFXaUaPI0GO6BXv9k/OQ==",
      "cpu": [
        "x64"
      ],
      "dev": true,
      "optional": true,
      "os": [
        "darwin"
      ],
      "peer": true,
      "engines": {
        "node": ">=10"
      }
    },
    "node_modules/@swc/core-linux-arm-gnueabihf": {
      "version": "1.4.8",
      "resolved": "https://registry.npmjs.org/@swc/core-linux-arm-gnueabihf/-/core-linux-arm-gnueabihf-1.4.8.tgz",
      "integrity": "sha512-PP9JIJt19bUWhAGcQW6qMwTjZOcMyzkvZa0/LWSlDm0ORYVLmDXUoeQbGD3e0Zju9UiZxyulnpjEN0ZihJgPTA==",
      "cpu": [
        "arm"
      ],
      "dev": true,
      "optional": true,
      "os": [
        "linux"
      ],
      "peer": true,
      "engines": {
        "node": ">=10"
      }
    },
    "node_modules/@swc/core-linux-arm64-gnu": {
      "version": "1.4.8",
      "resolved": "https://registry.npmjs.org/@swc/core-linux-arm64-gnu/-/core-linux-arm64-gnu-1.4.8.tgz",
      "integrity": "sha512-HvEWnwKHkoVUr5iftWirTApFJ13hGzhAY2CMw4lz9lur2m+zhPviRRED0FCI6T95Knpv7+8eUOr98Z7ctrG6DQ==",
      "cpu": [
        "arm64"
      ],
      "dev": true,
      "optional": true,
      "os": [
        "linux"
      ],
      "peer": true,
      "engines": {
        "node": ">=10"
      }
    },
    "node_modules/@swc/core-linux-arm64-musl": {
      "version": "1.4.8",
      "resolved": "https://registry.npmjs.org/@swc/core-linux-arm64-musl/-/core-linux-arm64-musl-1.4.8.tgz",
      "integrity": "sha512-kY8+qa7k/dEeBq9p0Hrta18QnJPpsiJvDQSLNaTIFpdM3aEM9zbkshWz8gaX5VVGUEALowCBUWqmzO4VaqM+2w==",
      "cpu": [
        "arm64"
      ],
      "dev": true,
      "optional": true,
      "os": [
        "linux"
      ],
      "peer": true,
      "engines": {
        "node": ">=10"
      }
    },
    "node_modules/@swc/core-linux-x64-gnu": {
      "version": "1.4.8",
      "resolved": "https://registry.npmjs.org/@swc/core-linux-x64-gnu/-/core-linux-x64-gnu-1.4.8.tgz",
      "integrity": "sha512-0WWyIw432wpO/zeGblwq4f2YWam4pn8Z/Ig4KzHMgthR/KmiLU3f0Z7eo45eVmq5vcU7Os1zi/Zb65OOt09q/w==",
      "cpu": [
        "x64"
      ],
      "dev": true,
      "optional": true,
      "os": [
        "linux"
      ],
      "peer": true,
      "engines": {
        "node": ">=10"
      }
    },
    "node_modules/@swc/core-linux-x64-musl": {
      "version": "1.4.8",
      "resolved": "https://registry.npmjs.org/@swc/core-linux-x64-musl/-/core-linux-x64-musl-1.4.8.tgz",
      "integrity": "sha512-p4yxvVS05rBNCrBaSTa20KK88vOwtg8ifTW7ec/yoab0bD5EwzzB8KbDmLLxE6uziFa0sdjF0dfRDwSZPex37Q==",
      "cpu": [
        "x64"
      ],
      "dev": true,
      "optional": true,
      "os": [
        "linux"
      ],
      "peer": true,
      "engines": {
        "node": ">=10"
      }
    },
    "node_modules/@swc/core-win32-arm64-msvc": {
      "version": "1.4.8",
      "resolved": "https://registry.npmjs.org/@swc/core-win32-arm64-msvc/-/core-win32-arm64-msvc-1.4.8.tgz",
      "integrity": "sha512-jKuXihxAaqUnbFfvPxtmxjdJfs87F1GdBf33il+VUmSyWCP4BE6vW+/ReDAe8sRNsKyrZ3UH1vI5q1n64csBUA==",
      "cpu": [
        "arm64"
      ],
      "dev": true,
      "optional": true,
      "os": [
        "win32"
      ],
      "peer": true,
      "engines": {
        "node": ">=10"
      }
    },
    "node_modules/@swc/core-win32-ia32-msvc": {
      "version": "1.4.8",
      "resolved": "https://registry.npmjs.org/@swc/core-win32-ia32-msvc/-/core-win32-ia32-msvc-1.4.8.tgz",
      "integrity": "sha512-O0wT4AGHrX8aBeH6c2ADMHgagAJc5Kf6W48U5moyYDAkkVnKvtSc4kGhjWhe1Yl0sI0cpYh2In2FxvYsb44eWw==",
      "cpu": [
        "ia32"
      ],
      "dev": true,
      "optional": true,
      "os": [
        "win32"
      ],
      "peer": true,
      "engines": {
        "node": ">=10"
      }
    },
    "node_modules/@swc/core-win32-x64-msvc": {
      "version": "1.4.8",
      "resolved": "https://registry.npmjs.org/@swc/core-win32-x64-msvc/-/core-win32-x64-msvc-1.4.8.tgz",
      "integrity": "sha512-C2AYc3A2o+ECciqsJWRgIpp83Vk5EaRzHe7ed/xOWzVd0MsWR+fweEsyOjlmzHfpUxJSi46Ak3/BIZJlhZbXbg==",
      "cpu": [
        "x64"
      ],
      "dev": true,
      "optional": true,
      "os": [
        "win32"
      ],
      "peer": true,
      "engines": {
        "node": ">=10"
      }
    },
    "node_modules/@swc/counter": {
      "version": "0.1.3",
      "resolved": "https://registry.npmjs.org/@swc/counter/-/counter-0.1.3.tgz",
      "integrity": "sha512-e2BR4lsJkkRlKZ/qCHPw9ZaSxc0MVUd7gtbtaB7aMvHeJVYe8sOB8DBZkP2DtISHGSku9sCK6T6cnY0CtXrOCQ==",
      "dev": true,
      "peer": true
    },
    "node_modules/@swc/types": {
      "version": "0.1.6",
      "resolved": "https://registry.npmjs.org/@swc/types/-/types-0.1.6.tgz",
      "integrity": "sha512-/JLo/l2JsT/LRd80C3HfbmVpxOAJ11FO2RCEslFrgzLltoP9j8XIbsyDcfCt2WWyX+CM96rBoNM+IToAkFOugg==",
      "dev": true,
      "peer": true,
      "dependencies": {
        "@swc/counter": "^0.1.3"
      }
    },
    "node_modules/buffer-from": {
      "version": "1.1.2",
      "resolved": "https://registry.npmjs.org/buffer-from/-/buffer-from-1.1.2.tgz",
      "integrity": "sha512-E+XQCRwSbaaiChtv6k6Dwgc+bx+Bs6vuKJHHl5kox/BaKbhiXzqQOwK4cO22yElGp2OCmjwVhT3HmxgyPGnJfQ==",
      "dev": true
    },
    "node_modules/colorette": {
      "version": "2.0.20",
      "resolved": "https://registry.npmjs.org/colorette/-/colorette-2.0.20.tgz",
      "integrity": "sha512-IfEDxwoWIjkeXL1eXcDiow4UbKjhLdq6/EuSVR9GMN7KVH3r9gQ83e73hsz1Nd1T3ijd5xv1wcWRYO+D6kCI2w==",
      "dev": true
    },
    "node_modules/debug": {
      "version": "4.3.4",
      "resolved": "https://registry.npmjs.org/debug/-/debug-4.3.4.tgz",
      "integrity": "sha512-PRWFHuSU3eDtQJPvnNY7Jcket1j0t5OuOsFzPPzsekD52Zl8qUfFIPEiswXqIvHWGVHOgX+7G/vCNNhehwxfkQ==",
      "dev": true,
      "dependencies": {
        "ms": "2.1.2"
      },
      "engines": {
        "node": ">=6.0"
      },
      "peerDependenciesMeta": {
        "supports-color": {
          "optional": true
        }
      }
    },
    "node_modules/ms": {
      "version": "2.1.2",
      "resolved": "https://registry.npmjs.org/ms/-/ms-2.1.2.tgz",
      "integrity": "sha512-sGkPx+VjMtmA6MX27oA4FBFELFCZZ4S4XqeGOXCv68tT+jb3vk/RyaKWP0PTKyWtmLSM0b+adUTEvbs1PEaH2w==",
      "dev": true
    },
    "node_modules/pirates": {
      "version": "4.0.6",
      "resolved": "https://registry.npmjs.org/pirates/-/pirates-4.0.6.tgz",
      "integrity": "sha512-saLsH7WeYYPiD25LDuLRRY/i+6HaPYr6G1OUlN39otzkSTxKnubR9RTxS3/Kk50s1g2JTgFwWQDQyplC5/SHZg==",
      "dev": true,
      "engines": {
        "node": ">= 6"
      }
    },
    "node_modules/source-map": {
      "version": "0.6.1",
      "resolved": "https://registry.npmjs.org/source-map/-/source-map-0.6.1.tgz",
      "integrity": "sha512-UjgapumWlbMhkBgzT7Ykc5YXUT46F0iKu8SGXq0bcwP5dz/h0Plj6enJqjz1Zbq2l5WaqYnrVbwWOWMyF3F47g==",
      "dev": true,
      "engines": {
        "node": ">=0.10.0"
      }
    },
    "node_modules/source-map-support": {
      "version": "0.5.21",
      "resolved": "https://registry.npmjs.org/source-map-support/-/source-map-support-0.5.21.tgz",
      "integrity": "sha512-uBHU3L3czsIyYXKX88fdrGovxdSCoTGDRZ6SYXtSRxLZUzHg5P/66Ht6uoUlHu9EZod+inXhKo3qQgwXUT/y1w==",
      "dev": true,
      "dependencies": {
        "buffer-from": "^1.0.0",
        "source-map": "^0.6.0"
      }
    },
    "node_modules/tslib": {
      "version": "2.6.2",
      "resolved": "https://registry.npmjs.org/tslib/-/tslib-2.6.2.tgz",
      "integrity": "sha512-AEYxH93jGFPn/a2iVAwW87VuUIkR1FVUKB77NwMF7nBTDkDrrT/Hpt/IrCJ0QXhW27jTBDcf5ZY7w6RiqTMw2Q==",
      "dev": true
    },
    "node_modules/typescript": {
      "version": "5.4.2",
      "resolved": "https://registry.npmjs.org/typescript/-/typescript-5.4.2.tgz",
      "integrity": "sha512-+2/g0Fds1ERlP6JsakQQDXjZdZMM+rqpamFZJEKh4kwTIn3iDkgKtby0CeNd5ATNZ4Ry1ax15TMx0W2V+miizQ==",
      "dev": true,
      "bin": {
        "tsc": "bin/tsc",
        "tsserver": "bin/tsserver"
      },
      "engines": {
        "node": ">=14.17"
      }
    }
  }
}
